
Microsoft Visual Studio Solution File, Format Version 12.00
# Visual Studio Version 16
VisualStudioVersion = 16.0.30104.148
MinimumVisualStudioVersion = 10.0.40219.1
Project("{FAE04EC0-301F-11D3-BF4B-00C04F79EFBC}") = "ContosoUniversity", "ContosoUniversity\ContosoUniversity.csproj", "{F8884F33-5154-4937-88E8-88534C4A2137}"
EndProject
Global
	GlobalSection(SolutionConfigurationPlatforms) = preSolution
		Debug|Any CPU = Debug|Any CPU
		Release|Any CPU = Release|Any CPU
	EndGlobalSection
	GlobalSection(ProjectConfigurationPlatforms) = postSolution
		{F8884F33-5154-4937-88E8-88534C4A2137}.Debug|Any CPU.ActiveCfg = Debug|Any CPU
		{F8884F33-5154-4937-88E8-88534C4A2137}.Debug|Any CPU.Build.0 = Debug|Any CPU
		{F8884F33-5154-4937-88E8-88534C4A2137}.Release|Any CPU.ActiveCfg = Release|Any CPU
		{F8884F33-5154-4937-88E8-88534C4A2137}.Release|Any CPU.Build.0 = Release|Any CPU
	EndGlobalSection
	GlobalSection(SolutionProperties) = preSolution
		HideSolutionNode = FALSE
	EndGlobalSection
	GlobalSection(ExtensibilityGlobals) = postSolution
		SolutionGuid = {829AF7A0-0098-4732-B771-074F17C3BEDD}
	EndGlobalSection
EndGlobal
